
Microsoft Visual Studio Solution File, Format Version 12.00
# Visual Studio 15
VisualStudioVersion = 15.0.27004.2002
MinimumVisualStudioVersion = 10.0.40219.1
Project("{FAE04EC0-301F-11D3-BF4B-00C04F79EFBC}") = "WindowsFormsApp1", "WindowsFormsApp1\WindowsFormsApp1.csproj", "{EC109EA0-BF75-41E9-8B08-66A6133092D6}"
EndProject
Global
	GlobalSection(SolutionConfigurationPlatforms) = preSolution
		Debug|Any CPU = Debug|Any CPU
		Release|Any CPU = Release|Any CPU
	EndGlobalSection
	GlobalSection(ProjectConfigurationPlatforms) = postSolution
		{EC109EA0-BF75-41E9-8B08-66A6133092D6}.Debug|Any CPU.ActiveCfg = Debug|Any CPU
		{EC109EA0-BF75-41E9-8B08-66A6133092D6}.Debug|Any CPU.Build.0 = Debug|Any CPU
		{EC109EA0-BF75-41E9-8B08-66A6133092D6}.Release|Any CPU.ActiveCfg = Release|Any CPU
		{EC109EA0-BF75-41E9-8B08-66A6133092D6}.Release|Any CPU.Build.0 = Release|Any CPU
	EndGlobalSection
	GlobalSection(SolutionProperties) = preSolution
		HideSolutionNode = FALSE
	EndGlobalSection
	GlobalSection(ExtensibilityGlobals) = postSolution
		SolutionGuid = {5CDD4D46-493C-4FCF-90C7-7F3AFAB88C85}
	EndGlobalSection
EndGlobal
